<?xml version="1.0" encoding="utf-8"?>
<Project ToolsVersion="4.0" xmlns="http://schemas.microsoft.com/developer/msbuild/2003">
  <ItemGroup>
    <ClCompile Include="TestCandidateCounting.cpp" />
    <ClCompile Include="..\candidate_counting\CandidateCountingAlgo3.cpp">
      <Filter>src</Filter>
    </ClCompile>
  </ItemGroup>
  <ItemGroup>
    <Filter Include="src">
      <UniqueIdentifier>{e473eb5f-6a93-4b40-b821-5aa945ac40c7}</UniqueIdentifier>
    </Filter>
  </ItemGroup>
  <ItemGroup>
    <ClInclude Include="..\candidate_counting\CandidateCountingAlgo3.h">
      <Filter>src</Filter>
    </ClInclude>
  </ItemGroup>
</Project>